
Microsoft Visual Studio Solution File, Format Version 12.00
# Visual Studio Version 16
VisualStudioVersion = 16.0.30621.155
MinimumVisualStudioVersion = 10.0.40219.1
Project("{9A19103F-16F7-4668-BE54-9A1E7A4F7556}") = "BellInterviewServer", "BellInterviewServer\BellInterviewServer.csproj", "{C98F8FA4-A1AE-4E11-ABA2-195FE763F046}"
EndProject
Global
	GlobalSection(SolutionConfigurationPlatforms) = preSolution
		Debug|Any CPU = Debug|Any CPU
		Release|Any CPU = Release|Any CPU
	EndGlobalSection
	GlobalSection(ProjectConfigurationPlatforms) = postSolution
		{C98F8FA4-A1AE-4E11-ABA2-195FE763F046}.Debug|Any CPU.ActiveCfg = Debug|Any CPU
		{C98F8FA4-A1AE-4E11-ABA2-195FE763F046}.Debug|Any CPU.Build.0 = Debug|Any CPU
		{C98F8FA4-A1AE-4E11-ABA2-195FE763F046}.Release|Any CPU.ActiveCfg = Release|Any CPU
		{C98F8FA4-A1AE-4E11-ABA2-195FE763F046}.Release|Any CPU.Build.0 = Release|Any CPU
	EndGlobalSection
	GlobalSection(SolutionProperties) = preSolution
		HideSolutionNode = FALSE
	EndGlobalSection
	GlobalSection(ExtensibilityGlobals) = postSolution
		SolutionGuid = {93A3B0CA-D018-40F9-8A50-838E62421726}
	EndGlobalSection
EndGlobal
